
Microsoft Visual Studio Solution File, Format Version 12.00
# Visual Studio Version 16
VisualStudioVersion = 16.0.30225.117
MinimumVisualStudioVersion = 10.0.40219.1
Project("{9A19103F-16F7-4668-BE54-9A1E7A4F7556}") = "Pomona", "Pomona\Pomona.csproj", "{1E966A35-CDF6-4098-85AB-3D651F35E864}"
EndProject
Project("{2150E333-8FDC-42A3-9474-1A3956D46DE8}") = "DevExtreme NuGet.config", "DevExtreme NuGet.config", "{C48203D2-65BC-42B8-A667-C7FEA2CACFC5}"
	ProjectSection(SolutionItems) = preProject
		NuGet.config = NuGet.config
	EndProjectSection
EndProject
Project("{FAE04EC0-301F-11D3-BF4B-00C04F79EFBC}") = "DBModel", "DBModel\DBModel.csproj", "{69C50F35-07EF-4C16-B74D-25718F0837A4}"
EndProject
Project("{FAE04EC0-301F-11D3-BF4B-00C04F79EFBC}") = "Session", "Session\Session.csproj", "{03735E44-F687-4D90-A7D1-7DF165C670E9}"
EndProject
Global
	GlobalSection(SolutionConfigurationPlatforms) = preSolution
		Debug|Any CPU = Debug|Any CPU
		Release|Any CPU = Release|Any CPU
	EndGlobalSection
	GlobalSection(ProjectConfigurationPlatforms) = postSolution
		{1E966A35-CDF6-4098-85AB-3D651F35E864}.Debug|Any CPU.ActiveCfg = Debug|Any CPU
		{1E966A35-CDF6-4098-85AB-3D651F35E864}.Debug|Any CPU.Build.0 = Debug|Any CPU
		{1E966A35-CDF6-4098-85AB-3D651F35E864}.Release|Any CPU.ActiveCfg = Release|Any CPU
		{1E966A35-CDF6-4098-85AB-3D651F35E864}.Release|Any CPU.Build.0 = Release|Any CPU
		{69C50F35-07EF-4C16-B74D-25718F0837A4}.Debug|Any CPU.ActiveCfg = Debug|Any CPU
		{69C50F35-07EF-4C16-B74D-25718F0837A4}.Debug|Any CPU.Build.0 = Debug|Any CPU
		{69C50F35-07EF-4C16-B74D-25718F0837A4}.Release|Any CPU.ActiveCfg = Release|Any CPU
		{69C50F35-07EF-4C16-B74D-25718F0837A4}.Release|Any CPU.Build.0 = Release|Any CPU
		{03735E44-F687-4D90-A7D1-7DF165C670E9}.Debug|Any CPU.ActiveCfg = Debug|Any CPU
		{03735E44-F687-4D90-A7D1-7DF165C670E9}.Debug|Any CPU.Build.0 = Debug|Any CPU
		{03735E44-F687-4D90-A7D1-7DF165C670E9}.Release|Any CPU.ActiveCfg = Release|Any CPU
		{03735E44-F687-4D90-A7D1-7DF165C670E9}.Release|Any CPU.Build.0 = Release|Any CPU
	EndGlobalSection
	GlobalSection(SolutionProperties) = preSolution
		HideSolutionNode = FALSE
	EndGlobalSection
	GlobalSection(ExtensibilityGlobals) = postSolution
		SolutionGuid = {5E2C80BA-7928-49AF-93F4-A24C69421575}
	EndGlobalSection
EndGlobal
